
Microsoft Visual Studio Solution File, Format Version 12.00
# Visual Studio Version 17
VisualStudioVersion = 17.6.33723.286
MinimumVisualStudioVersion = 10.0.40219.1
Project("{FAE04EC0-301F-11D3-BF4B-00C04F79EFBC}") = "WebApplicationAPI_BILLING", "WebApplicationAPI_BILLING\WebApplicationAPI_BILLING.csproj", "{EC5ABD77-D5AE-4350-BDB4-9F5DE5CDCADF}"
EndProject
Global
	GlobalSection(SolutionConfigurationPlatforms) = preSolution
		Debug|Any CPU = Debug|Any CPU
		Release|Any CPU = Release|Any CPU
	EndGlobalSection
	GlobalSection(ProjectConfigurationPlatforms) = postSolution
		{EC5ABD77-D5AE-4350-BDB4-9F5DE5CDCADF}.Debug|Any CPU.ActiveCfg = Debug|Any CPU
		{EC5ABD77-D5AE-4350-BDB4-9F5DE5CDCADF}.Debug|Any CPU.Build.0 = Debug|Any CPU
		{EC5ABD77-D5AE-4350-BDB4-9F5DE5CDCADF}.Release|Any CPU.ActiveCfg = Release|Any CPU
		{EC5ABD77-D5AE-4350-BDB4-9F5DE5CDCADF}.Release|Any CPU.Build.0 = Release|Any CPU
	EndGlobalSection
	GlobalSection(SolutionProperties) = preSolution
		HideSolutionNode = FALSE
	EndGlobalSection
	GlobalSection(ExtensibilityGlobals) = postSolution
		SolutionGuid = {3BC1CB55-B525-4CE3-8E6A-A5B2F77A5688}
	EndGlobalSection
EndGlobal
